
Microsoft Visual Studio Solution File, Format Version 12.00
# Visual Studio Version 17
VisualStudioVersion = 17.4.33205.214
MinimumVisualStudioVersion = 10.0.40219.1
Project("{FAE04EC0-301F-11D3-BF4B-00C04F79EFBC}") = "ListBox İçindeki En Büyük Ve en küçük  Sayıyı Bulma", "ListBox İçindeki En Büyük Ve en küçük  Sayıyı Bulma.csproj", "{F964A280-84F8-4F7D-90B4-9F853F9E0893}"
EndProject
Global
	GlobalSection(SolutionConfigurationPlatforms) = preSolution
		Debug|Any CPU = Debug|Any CPU
		Release|Any CPU = Release|Any CPU
	EndGlobalSection
	GlobalSection(ProjectConfigurationPlatforms) = postSolution
		{F964A280-84F8-4F7D-90B4-9F853F9E0893}.Debug|Any CPU.ActiveCfg = Debug|Any CPU
		{F964A280-84F8-4F7D-90B4-9F853F9E0893}.Debug|Any CPU.Build.0 = Debug|Any CPU
		{F964A280-84F8-4F7D-90B4-9F853F9E0893}.Release|Any CPU.ActiveCfg = Release|Any CPU
		{F964A280-84F8-4F7D-90B4-9F853F9E0893}.Release|Any CPU.Build.0 = Release|Any CPU
	EndGlobalSection
	GlobalSection(SolutionProperties) = preSolution
		HideSolutionNode = FALSE
	EndGlobalSection
	GlobalSection(ExtensibilityGlobals) = postSolution
		SolutionGuid = {30A5235E-1317-462A-AEF3-2D66B5C57B1C}
	EndGlobalSection
EndGlobal
